
Microsoft Visual Studio Solution File, Format Version 12.00
# Visual Studio Version 17
VisualStudioVersion = 17.9.34902.65
MinimumVisualStudioVersion = 10.0.40219.1
Project("{FAE04EC0-301F-11D3-BF4B-00C04F79EFBC}") = "MyCustomApp.Android", "MyCustomApp\MyCustomApp.Android\MyCustomApp.Android.csproj", "{A9E5CD2C-A232-4941-AE0D-C3EC32B5445D}"
EndProject
Project("{9A19103F-16F7-4668-BE54-9A1E7A4F7556}") = "MyCustomApp", "MyCustomApp\MyCustomApp\MyCustomApp.csproj", "{7CD0486E-92F5-4336-A3B6-B2535FEE80A4}"
EndProject
Project("{2150E333-8FDC-42A3-9474-1A3956D46DE8}") = "Solution Files", "Solution Files", "{DB0FF951-C1BC-4107-A6E6-B50FE08CC236}"
	ProjectSection(SolutionItems) = preProject
		.gitattributes = .gitattributes
		.gitignore = .gitignore
		README.md = README.md
	EndProjectSection
EndProject
Global
	GlobalSection(SolutionConfigurationPlatforms) = preSolution
		Debug|Any CPU = Debug|Any CPU
		Release|Any CPU = Release|Any CPU
	EndGlobalSection
	GlobalSection(ProjectConfigurationPlatforms) = postSolution
		{A9E5CD2C-A232-4941-AE0D-C3EC32B5445D}.Debug|Any CPU.ActiveCfg = Debug|Any CPU
		{A9E5CD2C-A232-4941-AE0D-C3EC32B5445D}.Debug|Any CPU.Build.0 = Debug|Any CPU
		{A9E5CD2C-A232-4941-AE0D-C3EC32B5445D}.Debug|Any CPU.Deploy.0 = Debug|Any CPU
		{A9E5CD2C-A232-4941-AE0D-C3EC32B5445D}.Release|Any CPU.ActiveCfg = Release|Any CPU
		{A9E5CD2C-A232-4941-AE0D-C3EC32B5445D}.Release|Any CPU.Build.0 = Release|Any CPU
		{A9E5CD2C-A232-4941-AE0D-C3EC32B5445D}.Release|Any CPU.Deploy.0 = Release|Any CPU
		{7CD0486E-92F5-4336-A3B6-B2535FEE80A4}.Debug|Any CPU.ActiveCfg = Debug|Any CPU
		{7CD0486E-92F5-4336-A3B6-B2535FEE80A4}.Debug|Any CPU.Build.0 = Debug|Any CPU
		{7CD0486E-92F5-4336-A3B6-B2535FEE80A4}.Debug|Any CPU.Deploy.0 = Debug|Any CPU
		{7CD0486E-92F5-4336-A3B6-B2535FEE80A4}.Release|Any CPU.ActiveCfg = Release|Any CPU
		{7CD0486E-92F5-4336-A3B6-B2535FEE80A4}.Release|Any CPU.Build.0 = Release|Any CPU
		{7CD0486E-92F5-4336-A3B6-B2535FEE80A4}.Release|Any CPU.Deploy.0 = Release|Any CPU
	EndGlobalSection
	GlobalSection(SolutionProperties) = preSolution
		HideSolutionNode = FALSE
	EndGlobalSection
	GlobalSection(ExtensibilityGlobals) = postSolution
		SolutionGuid = {208C9336-B371-4090-B3D2-CE767BC5F6DF}
	EndGlobalSection
EndGlobal
